
Microsoft Visual Studio Solution File, Format Version 12.00
# Visual Studio Version 16
VisualStudioVersion = 16.0.31515.178
MinimumVisualStudioVersion = 10.0.40219.1
Project("{9A19103F-16F7-4668-BE54-9A1E7A4F7556}") = "ProjectManagement.WebApi", "Bookstore.WebApi\ProjectManagement.WebApi.csproj", "{0ADA64E7-BC68-4AF7-8B31-495D190214EB}"
EndProject
Project("{9A19103F-16F7-4668-BE54-9A1E7A4F7556}") = "ProjectManagement.Core", "Bookstore.Core\ProjectManagement.Core.csproj", "{7B1AF1C5-685F-43F4-A80D-D1DC25C17B4B}"
EndProject
Global
	GlobalSection(SolutionConfigurationPlatforms) = preSolution
		Debug|Any CPU = Debug|Any CPU
		Release|Any CPU = Release|Any CPU
	EndGlobalSection
	GlobalSection(ProjectConfigurationPlatforms) = postSolution
		{0ADA64E7-BC68-4AF7-8B31-495D190214EB}.Debug|Any CPU.ActiveCfg = Debug|Any CPU
		{0ADA64E7-BC68-4AF7-8B31-495D190214EB}.Debug|Any CPU.Build.0 = Debug|Any CPU
		{0ADA64E7-BC68-4AF7-8B31-495D190214EB}.Release|Any CPU.ActiveCfg = Release|Any CPU
		{0ADA64E7-BC68-4AF7-8B31-495D190214EB}.Release|Any CPU.Build.0 = Release|Any CPU
		{7B1AF1C5-685F-43F4-A80D-D1DC25C17B4B}.Debug|Any CPU.ActiveCfg = Debug|Any CPU
		{7B1AF1C5-685F-43F4-A80D-D1DC25C17B4B}.Debug|Any CPU.Build.0 = Debug|Any CPU
		{7B1AF1C5-685F-43F4-A80D-D1DC25C17B4B}.Release|Any CPU.ActiveCfg = Release|Any CPU
		{7B1AF1C5-685F-43F4-A80D-D1DC25C17B4B}.Release|Any CPU.Build.0 = Release|Any CPU
	EndGlobalSection
	GlobalSection(SolutionProperties) = preSolution
		HideSolutionNode = FALSE
	EndGlobalSection
	GlobalSection(ExtensibilityGlobals) = postSolution
		SolutionGuid = {2BC728A4-A496-4090-ABA7-0E6436127B5C}
	EndGlobalSection
EndGlobal
